// !$*UTF8*$!
{
	archiveVersion = 1;
	classes = {
	};
	objectVersion = 50;
	objects = {

/* Begin PBXBuildFile section */
		780F81EB253664F3006A026E /* CodeView.swift in Sources */ = {isa = PBXBuildFile; fileRef = 780F81EA253664F3006A026E /* CodeView.swift */; };
		78A57D91253660650011D49F /* AppDelegate.swift in Sources */ = {isa = PBXBuildFile; fileRef = 78A57D90253660650011D49F /* AppDelegate.swift */; };
		78A57D95253660650011D49F /* WelcomeViewController.swift in Sources */ = {isa = PBXBuildFile; fileRef = 78A57D94253660650011D49F /* WelcomeViewController.swift */; };
		78A57D9A253660680011D49F /* Assets.xcassets in Resources */ = {isa = PBXBuildFile; fileRef = 78A57D99253660680011D49F /* Assets.xcassets */; };
		78A57D9D253660680011D49F /* LaunchScreen.storyboard in Resources */ = {isa = PBXBuildFile; fileRef = 78A57D9B253660680011D49F /* LaunchScreen.storyboard */; };
		78A57DAB253661E00011D49F /* WelcomeView.swift in Sources */ = {isa = PBXBuildFile; fileRef = 78A57DAA253661E00011D49F /* WelcomeView.swift */; };
/* End PBXBuildFile section */

/* Begin PBXFileReference section */
		780F81EA253664F3006A026E /* CodeView.swift */ = {isa = PBXFileReference; lastKnownFileType = sourcecode.swift; path = CodeView.swift; sourceTree = "<group>"; };
		78A57D8D253660650011D49F /* ViewCodeApp.app */ = {isa = PBXFileReference; explicitFileType = wrapper.application; includeInIndex = 0; path = ViewCodeApp.app; sourceTree = BUILT_PRODUCTS_DIR; };
		78A57D90253660650011D49F /* AppDelegate.swift */ = {isa = PBXFileReference; lastKnownFileType = sourcecode.swift; path = AppDelegate.swift; sourceTree = "<group>"; };
		78A57D94253660650011D49F /* WelcomeViewController.swift */ = {isa = PBXFileReference; lastKnownFileType = sourcecode.swift; path = WelcomeViewController.swift; sourceTree = "<group>"; };
		78A57D99253660680011D49F /* Assets.xcassets */ = {isa = PBXFileReference; lastKnownFileType = folder.assetcatalog; path = Assets.xcassets; sourceTree = "<group>"; };
		78A57D9C253660680011D49F /* Base */ = {isa = PBXFileReference; lastKnownFileType = file.storyboard; name = Base; path = Base.lproj/LaunchScreen.storyboard; sourceTree = "<group>"; };
		78A57D9E253660680011D49F /* Info.plist */ = {isa = PBXFileReference; lastKnownFileType = text.plist.xml; path = Info.plist; sourceTree = "<group>"; };
		78A57DAA253661E00011D49F /* WelcomeView.swift */ = {isa = PBXFileReference; lastKnownFileType = sourcecode.swift; path = WelcomeView.swift; sourceTree = "<group>"; };
/* End PBXFileReference section */

/* Begin PBXFrameworksBuildPhase section */
		78A57D8A253660650011D49F /* Frameworks */ = {
			isa = PBXFrameworksBuildPhase;
			buildActionMask = 2147483647;
			files = (
			);
			runOnlyForDeploymentPostprocessing = 0;
		};
/* End PBXFrameworksBuildPhase section */

/* Begin PBXGroup section */
		780F81E7253664C1006A026E /* Protocols */ = {
			isa = PBXGroup;
			children = (
				780F81EA253664F3006A026E /* CodeView.swift */,
			);
			path = Protocols;
			sourceTree = "<group>";
		};
		780F81E9253664DE006A026E /* Shared */ = {
			isa = PBXGroup;
			children = (
				780F81E7253664C1006A026E /* Protocols */,
			);
			path = Shared;
			sourceTree = "<group>";
		};
		78A57D84253660650011D49F = {
			isa = PBXGroup;
			children = (
				78A57D8F253660650011D49F /* ViewCodeApp */,
				78A57D8E253660650011D49F /* Products */,
			);
			sourceTree = "<group>";
		};
		78A57D8E253660650011D49F /* Products */ = {
			isa = PBXGroup;
			children = (
				78A57D8D253660650011D49F /* ViewCodeApp.app */,
			);
			name = Products;
			sourceTree = "<group>";
		};
		78A57D8F253660650011D49F /* ViewCodeApp */ = {
			isa = PBXGroup;
			children = (
				78A57D90253660650011D49F /* AppDelegate.swift */,
				78A57DA7253661AB0011D49F /* Welcome */,
				780F81E9253664DE006A026E /* Shared */,
				78A57D99253660680011D49F /* Assets.xcassets */,
				78A57D9B253660680011D49F /* LaunchScreen.storyboard */,
				78A57D9E253660680011D49F /* Info.plist */,
			);
			path = ViewCodeApp;
			sourceTree = "<group>";
		};
		78A57DA7253661AB0011D49F /* Welcome */ = {
			isa = PBXGroup;
			children = (
				78A57DA9253661BC0011D49F /* View */,
				78A57DA8253661B50011D49F /* Controller */,
			);
			path = Welcome;
			sourceTree = "<group>";
		};
		78A57DA8253661B50011D49F /* Controller */ = {
			isa = PBXGroup;
			children = (
				78A57D94253660650011D49F /* WelcomeViewController.swift */,
			);
			path = Controller;
			sourceTree = "<group>";
		};
		78A57DA9253661BC0011D49F /* View */ = {
			isa = PBXGroup;
			children = (
				78A57DAA253661E00011D49F /* WelcomeView.swift */,
			);
			path = View;
			sourceTree = "<group>";
		};
/* End PBXGroup section */

/* Begin PBXNativeTarget section */
		78A57D8C253660650011D49F /* ViewCodeApp */ = {
			isa = PBXNativeTarget;
			buildConfigurationList = 78A57DA1253660680011D49F /* Build configuration list for PBXNativeTarget "ViewCodeApp" */;
			buildPhases = (
				78A57D89253660650011D49F /* Sources */,
				78A57D8A253660650011D49F /* Frameworks */,
				78A57D8B253660650011D49F /* Resources */,
			);
			buildRules = (
			);
			dependencies = (
			);
			name = ViewCodeApp;
			productName = ViewCodeApp;
			productReference = 78A57D8D253660650011D49F /* ViewCodeApp.app */;
			productType = "com.apple.product-type.application";
		};
/* End PBXNativeTarget section */

/* Begin PBXProject section */
		78A57D85253660650011D49F /* Project object */ = {
			isa = PBXProject;
			attributes = {
				LastSwiftUpdateCheck = 1200;
				LastUpgradeCheck = 1200;
				TargetAttributes = {
					78A57D8C253660650011D49F = {
						CreatedOnToolsVersion = 12.0.1;
					};
				};
			};
			buildConfigurationList = 78A57D88253660650011D49F /* Build configuration list for PBXProject "ViewCodeApp" */;
			compatibilityVersion = "Xcode 9.3";
			developmentRegion = en;
			hasScannedForEncodings = 0;
			knownRegions = (
				en,
				Base,
			);
			mainGroup = 78A57D84253660650011D49F;
			productRefGroup = 78A57D8E253660650011D49F /* Products */;
			projectDirPath = "";
			projectRoot = "";
			targets = (
				78A57D8C253660650011D49F /* ViewCodeApp */,
			);
		};
/* End PBXProject section */

/* Begin PBXResourcesBuildPhase section */
		78A57D8B253660650011D49F /* Resources */ = {
			isa = PBXResourcesBuildPhase;
			buildActionMask = 2147483647;
			files = (
				78A57D9D253660680011D49F /* LaunchScreen.storyboard in Resources */,
				78A57D9A253660680011D49F /* Assets.xcassets in Resources */,
			);
			runOnlyForDeploymentPostprocessing = 0;
		};
/* End PBXResourcesBuildPhase section */

/* Begin PBXSourcesBuildPhase section */
		78A57D89253660650011D49F /* Sources */ = {
			isa = PBXSourcesBuildPhase;
			buildActionMask = 2147483647;
			files = (
				78A57D95253660650011D49F /* WelcomeViewController.swift in Sources */,
				78A57DAB253661E00011D49F /* WelcomeView.swift in Sources */,
				78A57D91253660650011D49F /* AppDelegate.swift in Sources */,
				780F81EB253664F3006A026E /* CodeView.swift in Sources */,
			);
			runOnlyForDeploymentPostprocessing = 0;
		};
/* End PBXSourcesBuildPhase section */

/* Begin PBXVariantGroup section */
		78A57D9B253660680011D49F /* LaunchScreen.storyboard */ = {
			isa = PBXVariantGroup;
			children = (
				78A57D9C253660680011D49F /* Base */,
			);
			name = LaunchScreen.storyboard;
			sourceTree = "<group>";
		};
/* End PBXVariantGroup section */

/* Begin XCBuildConfiguration section */
		78A57D9F253660680011D49F /* Debug */ = {
			isa = XCBuildConfiguration;
			buildSettings = {
				ALWAYS_SEARCH_USER_PATHS = NO;
				CLANG_ANALYZER_NONNULL = YES;
				CLANG_ANALYZER_NUMBER_OBJECT_CONVERSION = YES_AGGRESSIVE;
				CLANG_CXX_LANGUAGE_STANDARD = "gnu++14";
				CLANG_CXX_LIBRARY = "libc++";
				CLANG_ENABLE_MODULES = YES;
				CLANG_ENABLE_OBJC_ARC = YES;
				CLANG_ENABLE_OBJC_WEAK = YES;
				CLANG_WARN_BLOCK_CAPTURE_AUTORELEASING = YES;
				CLANG_WARN_BOOL_CONVERSION = YES;
				CLANG_WARN_COMMA = YES;
				CLANG_WARN_CONSTANT_CONVERSION = YES;
				CLANG_WARN_DEPRECATED_OBJC_IMPLEMENTATIONS = YES;
				CLANG_WARN_DIRECT_OBJC_ISA_USAGE = YES_ERROR;
				CLANG_WARN_DOCUMENTATION_COMMENTS = YES;
				CLANG_WARN_EMPTY_BODY = YES;
				CLANG_WARN_ENUM_CONVERSION = YES;
				CLANG_WARN_INFINITE_RECURSION = YES;
				CLANG_WARN_INT_CONVERSION = YES;
				CLANG_WARN_NON_LITERAL_NULL_CONVERSION = YES;
				CLANG_WARN_OBJC_IMPLICIT_RETAIN_SELF = YES;
				CLANG_WARN_OBJC_LITERAL_CONVERSION = YES;
				CLANG_WARN_OBJC_ROOT_CLASS = YES_ERROR;
				CLANG_WARN_QUOTED_INCLUDE_IN_FRAMEWORK_HEADER = YES;
				CLANG_WARN_RANGE_LOOP_ANALYSIS = YES;
				CLANG_WARN_STRICT_PROTOTYPES = YES;
				CLANG_WARN_SUSPICIOUS_MOVE = YES;
				CLANG_WARN_UNGUARDED_AVAILABILITY = YES_AGGRESSIVE;
				CLANG_WARN_UNREACHABLE_CODE = YES;
				CLANG_WARN__DUPLICATE_METHOD_MATCH = YES;
				COPY_PHASE_STRIP = NO;
				DEBUG_INFORMATION_FORMAT = dwarf;
				ENABLE_STRICT_OBJC_MSGSEND = YES;
				ENABLE_TESTABILITY = YES;
				GCC_C_LANGUAGE_STANDARD = gnu11;
				GCC_DYNAMIC_NO_PIC = NO;
				GCC_NO_COMMON_BLOCKS = YES;
				GCC_OPTIMIZATION_LEVEL = 0;
				GCC_PREPROCESSOR_DEFINITIONS = (
					"DEBUG=1",
					"$(inherited)",
				);
				GCC_WARN_64_TO_32_BIT_CONVERSION = YES;
				GCC_WARN_ABOUT_RETURN_TYPE = YES_ERROR;
				GCC_WARN_UNDECLARED_SELECTOR = YES;
				GCC_WARN_UNINITIALIZED_AUTOS = YES_AGGRESSIVE;
				GCC_WARN_UNUSED_FUNCTION = YES;
				GCC_WARN_UNUSED_VARIABLE = YES;
				IPHONEOS_DEPLOYMENT_TARGET = 14.0;
				MTL_ENABLE_DEBUG_INFO = INCLUDE_SOURCE;
				MTL_FAST_MATH = YES;
				ONLY_ACTIVE_ARCH = YES;
				SDKROOT = iphoneos;
				SWIFT_ACTIVE_COMPILATION_CONDITIONS = DEBUG;
				SWIFT_OPTIMIZATION_LEVEL = "-Onone";
			};
			name = Debug;
		};
		78A57DA0253660680011D49F /* Release */ = {
			isa = XCBuildConfiguration;
			buildSettings = {
				ALWAYS_SEARCH_USER_PATHS = NO;
				CLANG_ANALYZER_NONNULL = YES;
				CLANG_ANALYZER_NUMBER_OBJECT_CONVERSION = YES_AGGRESSIVE;
				CLANG_CXX_LANGUAGE_STANDARD = "gnu++14";
				CLANG_CXX_LIBRARY = "libc++";
				CLANG_ENABLE_MODULES = YES;
				CLANG_ENABLE_OBJC_ARC = YES;
				CLANG_ENABLE_OBJC_WEAK = YES;
				CLANG_WARN_BLOCK_CAPTURE_AUTORELEASING = YES;
				CLANG_WARN_BOOL_CONVERSION = YES;
				CLANG_WARN_COMMA = YES;
				CLANG_WARN_CONSTANT_CONVERSION = YES;
				CLANG_WARN_DEPRECATED_OBJC_IMPLEMENTATIONS = YES;
				CLANG_WARN_DIRECT_OBJC_ISA_USAGE = YES_ERROR;
				CLANG_WARN_DOCUMENTATION_COMMENTS = YES;
				CLANG_WARN_EMPTY_BODY = YES;
				CLANG_WARN_ENUM_CONVERSION = YES;
				CLANG_WARN_INFINITE_RECURSION = YES;
				CLANG_WARN_INT_CONVERSION = YES;
				CLANG_WARN_NON_LITERAL_NULL_CONVERSION = YES;
				CLANG_WARN_OBJC_IMPLICIT_RETAIN_SELF = YES;
				CLANG_WARN_OBJC_LITERAL_CONVERSION = YES;
				CLANG_WARN_OBJC_ROOT_CLASS = YES_ERROR;
				CLANG_WARN_QUOTED_INCLUDE_IN_FRAMEWORK_HEADER = YES;
				CLANG_WARN_RANGE_LOOP_ANALYSIS = YES;
				CLANG_WARN_STRICT_PROTOTYPES = YES;
				CLANG_WARN_SUSPICIOUS_MOVE = YES;
				CLANG_WARN_UNGUARDED_AVAILABILITY = YES_AGGRESSIVE;
				CLANG_WARN_UNREACHABLE_CODE = YES;
				CLANG_WARN__DUPLICATE_METHOD_MATCH = YES;
				COPY_PHASE_STRIP = NO;
				DEBUG_INFORMATION_FORMAT = "dwarf-with-dsym";
				ENABLE_NS_ASSERTIONS = NO;
				ENABLE_STRICT_OBJC_MSGSEND = YES;
				GCC_C_LANGUAGE_STANDARD = gnu11;
				GCC_NO_COMMON_BLOCKS = YES;
				GCC_WARN_64_TO_32_BIT_CONVERSION = YES;
				GCC_WARN_ABOUT_RETURN_TYPE = YES_ERROR;
				GCC_WARN_UNDECLARED_SELECTOR = YES;
				GCC_WARN_UNINITIALIZED_AUTOS = YES_AGGRESSIVE;
				GCC_WARN_UNUSED_FUNCTION = YES;
				GCC_WARN_UNUSED_VARIABLE = YES;
				IPHONEOS_DEPLOYMENT_TARGET = 14.0;
				MTL_ENABLE_DEBUG_INFO = NO;
				MTL_FAST_MATH = YES;
				SDKROOT = iphoneos;
				SWIFT_COMPILATION_MODE = wholemodule;
				SWIFT_OPTIMIZATION_LEVEL = "-O";
				VALIDATE_PRODUCT = YES;
			};
			name = Release;
		};
		78A57DA2253660680011D49F /* Debug */ = {
			isa = XCBuildConfiguration;
			buildSettings = {
				ASSETCATALOG_COMPILER_APPICON_NAME = AppIcon;
				ASSETCATALOG_COMPILER_GLOBAL_ACCENT_COLOR_NAME = AccentColor;
				CODE_SIGN_STYLE = Automatic;
				DEVELOPMENT_TEAM = L4M86B8J34;
				INFOPLIST_FILE = ViewCodeApp/Info.plist;
				LD_RUNPATH_SEARCH_PATHS = (
					"$(inherited)",
					"@executable_path/Frameworks",
				);
				PRODUCT_BUNDLE_IDENTIFIER = br.com.welton.ViewCodeApp;
				PRODUCT_NAME = "$(TARGET_NAME)";
				SWIFT_VERSION = 5.0;
				TARGETED_DEVICE_FAMILY = "1,2";
			};
			name = Debug;
		};
		78A57DA3253660680011D49F /* Release */ = {
			isa = XCBuildConfiguration;
			buildSettings = {
				ASSETCATALOG_COMPILER_APPICON_NAME = AppIcon;
				ASSETCATALOG_COMPILER_GLOBAL_ACCENT_COLOR_NAME = AccentColor;
				CODE_SIGN_STYLE = Automatic;
				DEVELOPMENT_TEAM = L4M86B8J34;
				INFOPLIST_FILE = ViewCodeApp/Info.plist;
				LD_RUNPATH_SEARCH_PATHS = (
					"$(inherited)",
					"@executable_path/Frameworks",
				);
				PRODUCT_BUNDLE_IDENTIFIER = br.com.welton.ViewCodeApp;
				PRODUCT_NAME = "$(TARGET_NAME)";
				SWIFT_VERSION = 5.0;
				TARGETED_DEVICE_FAMILY = "1,2";
			};
			name = Release;
		};
/* End XCBuildConfiguration section */

/* Begin XCConfigurationList section */
		78A57D88253660650011D49F /* Build configuration list for PBXProject "ViewCodeApp" */ = {
			isa = XCConfigurationList;
			buildConfigurations = (
				78A57D9F253660680011D49F /* Debug */,
				78A57DA0253660680011D49F /* Release */,
			);
			defaultConfigurationIsVisible = 0;
			defaultConfigurationName = Release;
		};
		78A57DA1253660680011D49F /* Build configuration list for PBXNativeTarget "ViewCodeApp" */ = {
			isa = XCConfigurationList;
			buildConfigurations = (
				78A57DA2253660680011D49F /* Debug */,
				78A57DA3253660680011D49F /* Release */,
			);
			defaultConfigurationIsVisible = 0;
			defaultConfigurationName = Release;
		};
/* End XCConfigurationList section */
	};
	rootObject = 78A57D85253660650011D49F /* Project object */;
}
